{
  "name": "@rsi/star-citizen",
  "version": "0.1.0-dev",
  "lockfileVersion": 3,
  "requires": true,
  "packages": {
    "": {
      "name": "@rsi/star-citizen",
      "version": "0.1.0-dev",
      "license": "MIT",
      "devDependencies": {},
      "optionalDependencies": {
        "tail": "=2.2.6"
      }
    },
    "node_modules/tail": {
      "version": "2.2.6",
      "resolved": "https://registry.npmjs.org/tail/-/tail-2.2.6.tgz",
      "integrity": "sha512-IQ6G4wK/t8VBauYiGPLx+d3fA5XjSVagjWV5SIYzvEvglbQjwEcukeYI68JOPpdydjxhZ9sIgzRlSmwSpphHyw==",
      "license": "MIT",
      "optional": true,
      "engines": {
        "node": ">= 6.0.0"
      }
    }
  }
}
